
Microsoft Visual Studio Solution File, Format Version 12.00
# Visual Studio 15
VisualStudioVersion = 15.0.28307.168
MinimumVisualStudioVersion = 10.0.40219.1
Project("{FAE04EC0-301F-11D3-BF4B-00C04F79EFBC}") = "CTCore.Domain", "CTCore.Domain\CTCore.Domain.csproj", "{FD62FF62-4838-4AFC-B477-E139DABC6411}"
EndProject
Project("{FAE04EC0-301F-11D3-BF4B-00C04F79EFBC}") = "CTCore.Data", "CTCore.Data\CTCore.Data.csproj", "{464F3238-0177-4C21-9660-300B93A3C103}"
EndProject
Global
	GlobalSection(SolutionConfigurationPlatforms) = preSolution
		Debug|Any CPU = Debug|Any CPU
		Release|Any CPU = Release|Any CPU
	EndGlobalSection
	GlobalSection(ProjectConfigurationPlatforms) = postSolution
		{FD62FF62-4838-4AFC-B477-E139DABC6411}.Debug|Any CPU.ActiveCfg = Debug|Any CPU
		{FD62FF62-4838-4AFC-B477-E139DABC6411}.Debug|Any CPU.Build.0 = Debug|Any CPU
		{FD62FF62-4838-4AFC-B477-E139DABC6411}.Release|Any CPU.ActiveCfg = Release|Any CPU
		{FD62FF62-4838-4AFC-B477-E139DABC6411}.Release|Any CPU.Build.0 = Release|Any CPU
		{464F3238-0177-4C21-9660-300B93A3C103}.Debug|Any CPU.ActiveCfg = Debug|Any CPU
		{464F3238-0177-4C21-9660-300B93A3C103}.Debug|Any CPU.Build.0 = Debug|Any CPU
		{464F3238-0177-4C21-9660-300B93A3C103}.Release|Any CPU.ActiveCfg = Release|Any CPU
		{464F3238-0177-4C21-9660-300B93A3C103}.Release|Any CPU.Build.0 = Release|Any CPU
	EndGlobalSection
	GlobalSection(SolutionProperties) = preSolution
		HideSolutionNode = FALSE
	EndGlobalSection
	GlobalSection(ExtensibilityGlobals) = postSolution
		SolutionGuid = {44263D92-48D4-48DE-B15B-F4B13D4F7246}
	EndGlobalSection
EndGlobal
